
Microsoft Visual Studio Solution File, Format Version 12.00
# Visual Studio Version 16
VisualStudioVersion = 16.0.28809.33
MinimumVisualStudioVersion = 10.0.40219.1
Project("{FAE04EC0-301F-11D3-BF4B-00C04F79EFBC}") = "ATL-API-SPMT", "src\ATL-API-SPMT\ATL-API-SPMT.csproj", "{7EB0482C-3B7D-48A3-B51B-45AC227FE129}"
EndProject
Global
	GlobalSection(SolutionConfigurationPlatforms) = preSolution
		Debug|Any CPU = Debug|Any CPU
		Release|Any CPU = Release|Any CPU
	EndGlobalSection
	GlobalSection(ProjectConfigurationPlatforms) = postSolution
		{7EB0482C-3B7D-48A3-B51B-45AC227FE129}.Debug|Any CPU.ActiveCfg = Debug|Any CPU
		{7EB0482C-3B7D-48A3-B51B-45AC227FE129}.Debug|Any CPU.Build.0 = Debug|Any CPU
		{7EB0482C-3B7D-48A3-B51B-45AC227FE129}.Release|Any CPU.ActiveCfg = Release|Any CPU
		{7EB0482C-3B7D-48A3-B51B-45AC227FE129}.Release|Any CPU.Build.0 = Release|Any CPU
	EndGlobalSection
	GlobalSection(SolutionProperties) = preSolution
		HideSolutionNode = FALSE
	EndGlobalSection
	GlobalSection(ExtensibilityGlobals) = postSolution
		SolutionGuid = {65D0A686-F52B-4881-9516-1FA14AF45EEC}
	EndGlobalSection
EndGlobal
